
Microsoft Visual Studio Solution File, Format Version 12.00
# Visual Studio 16
Project("{FAE04EC0-301F-11D3-BF4B-00C04F79EFBC}") = "Assembly-CSharp", "Assembly-CSharp.csproj", "{00528956-325F-2294-4F22-8A096929FE44}"
EndProject
Project("{FAE04EC0-301F-11D3-BF4B-00C04F79EFBC}") = "Assembly-CSharp-Editor", "Assembly-CSharp-Editor.csproj", "{57DBA6E3-0CDB-3059-1FE4-A6931876016A}"
EndProject
Global
	GlobalSection(SolutionConfigurationPlatforms) = preSolution
		Debug|Any CPU = Debug|Any CPU
		Release|Any CPU = Release|Any CPU
	EndGlobalSection
	GlobalSection(ProjectConfigurationPlatforms) = postSolution
		{00528956-325F-2294-4F22-8A096929FE44}.Debug|Any CPU.ActiveCfg = Debug|Any CPU
		{00528956-325F-2294-4F22-8A096929FE44}.Debug|Any CPU.Build.0 = Debug|Any CPU
		{00528956-325F-2294-4F22-8A096929FE44}.Release|Any CPU.ActiveCfg = Release|Any CPU
		{00528956-325F-2294-4F22-8A096929FE44}.Release|Any CPU.Build.0 = Release|Any CPU
		{57DBA6E3-0CDB-3059-1FE4-A6931876016A}.Debug|Any CPU.ActiveCfg = Debug|Any CPU
		{57DBA6E3-0CDB-3059-1FE4-A6931876016A}.Debug|Any CPU.Build.0 = Debug|Any CPU
		{57DBA6E3-0CDB-3059-1FE4-A6931876016A}.Release|Any CPU.ActiveCfg = Release|Any CPU
		{57DBA6E3-0CDB-3059-1FE4-A6931876016A}.Release|Any CPU.Build.0 = Release|Any CPU
	EndGlobalSection
	GlobalSection(SolutionProperties) = preSolution
		HideSolutionNode = FALSE
	EndGlobalSection
EndGlobal
